
Microsoft Visual Studio Solution File, Format Version 12.00
# Visual Studio 15
VisualStudioVersion = 15.0.27428.2005
MinimumVisualStudioVersion = 10.0.40219.1
Project("{FAE04EC0-301F-11D3-BF4B-00C04F79EFBC}") = "ImageReciever", "WindowsFormsApp1\ImageReciever.csproj", "{35E52A66-D928-498C-BC46-C972BA1D4438}"
EndProject
Global
	GlobalSection(SolutionConfigurationPlatforms) = preSolution
		Debug|Any CPU = Debug|Any CPU
		Release|Any CPU = Release|Any CPU
	EndGlobalSection
	GlobalSection(ProjectConfigurationPlatforms) = postSolution
		{35E52A66-D928-498C-BC46-C972BA1D4438}.Debug|Any CPU.ActiveCfg = Debug|Any CPU
		{35E52A66-D928-498C-BC46-C972BA1D4438}.Debug|Any CPU.Build.0 = Debug|Any CPU
		{35E52A66-D928-498C-BC46-C972BA1D4438}.Release|Any CPU.ActiveCfg = Release|Any CPU
		{35E52A66-D928-498C-BC46-C972BA1D4438}.Release|Any CPU.Build.0 = Release|Any CPU
	EndGlobalSection
	GlobalSection(SolutionProperties) = preSolution
		HideSolutionNode = FALSE
	EndGlobalSection
	GlobalSection(ExtensibilityGlobals) = postSolution
		SolutionGuid = {4608DE32-27FF-426F-B726-1B1675FB8800}
	EndGlobalSection
EndGlobal
